{
  "requires": true,
  "lockfileVersion": 1,
  "dependencies": {
    "charenc": {
      "version": "0.0.2",
      "resolved": "https://registry.npmjs.org/charenc/-/charenc-0.0.2.tgz",
      "integrity": "sha1-wKHS86cJLgN3S/qD8UwPxXkKhmc="
    },
    "crypt": {
      "version": "0.0.2",
      "resolved": "https://registry.npmjs.org/crypt/-/crypt-0.0.2.tgz",
      "integrity": "sha1-iNf/fsDfuG9xPch7u0LQRNPmxBs="
    },
    "is-buffer": {
      "version": "1.1.6",
      "resolved": "https://registry.npmjs.org/is-buffer/-/is-buffer-1.1.6.tgz",
      "integrity": "sha512-NcdALwpXkTm5Zvvbk7owOUSvVvBKDgKP5/ewfXEznmQFfs4ZRmanOeKBTjRVjka3QFoN6XJ+9F3USqfHqTaU5w=="
    },
    "md5": {
      "version": "2.2.1",
      "resolved": "https://registry.npmjs.org/md5/-/md5-2.2.1.tgz",
      "integrity": "sha1-U6s41f48iJG6RlMp6iP6wFQBJvk=",
      "requires": {
        "charenc": "~0.0.1",
        "crypt": "~0.0.1",
        "is-buffer": "~1.1.1"
      }
    },
    "mpvue-citypicker": {
      "version": "1.0.2",
      "resolved": "http://registry.npm.taobao.org/mpvue-citypicker/download/mpvue-citypicker-1.0.2.tgz",
      "integrity": "sha512-/vMeKwV7TJYOIhcx5wZbLBwbLUPZpGlsuTV9EYWpBQZB3EXfyrxkCloBQH4Qe+GowxQtGFjLotNGfn1J19QFvg==",
      "requires": {
        "mpvue": "^1.0.13"
      },
      "dependencies": {
        "mpvue": {
          "version": "1.4.2",
          "resolved": "https://registry.npmjs.org/mpvue/-/mpvue-1.4.2.tgz",
          "integrity": "sha512-LQKoMI595Cdq7bc+NL8D2FRxxBKJp/vTm0kYpJ7MaLY8zQ0RXoKDQPBKevjZQnhIu0aCnmlcKOK1PbUnnYa9SQ=="
        }
      }
    },
    "weixin-js-sdk": {
      "version": "1.4.0-test",
      "resolved": "http://registry.npm.taobao.org/weixin-js-sdk/download/weixin-js-sdk-1.4.0-test.tgz",
      "integrity": "sha512-Dh/TwKhaQVAlyqEXdR65aJdexsynOhCEauexY93YZ+gXcV+ITTd/qvAHdwmkGP0nwAp314v0FD4AXUqCBQFm6Q=="
    }
  }
}
